
Microsoft Visual Studio Solution File, Format Version 12.00
# Visual Studio Version 17
VisualStudioVersion = 17.5.33424.131
MinimumVisualStudioVersion = 10.0.40219.1
Project("{FAE04EC0-301F-11D3-BF4B-00C04F79EFBC}") = "PersonalManager", "PersonalManager\PersonalManager.csproj", "{8101503B-6279-4063-B9D1-02E47197ECF2}"
EndProject
Global
	GlobalSection(SolutionConfigurationPlatforms) = preSolution
		Debug|Any CPU = Debug|Any CPU
		Release|Any CPU = Release|Any CPU
	EndGlobalSection
	GlobalSection(ProjectConfigurationPlatforms) = postSolution
		{8101503B-6279-4063-B9D1-02E47197ECF2}.Debug|Any CPU.ActiveCfg = Debug|Any CPU
		{8101503B-6279-4063-B9D1-02E47197ECF2}.Debug|Any CPU.Build.0 = Debug|Any CPU
		{8101503B-6279-4063-B9D1-02E47197ECF2}.Release|Any CPU.ActiveCfg = Release|Any CPU
		{8101503B-6279-4063-B9D1-02E47197ECF2}.Release|Any CPU.Build.0 = Release|Any CPU
	EndGlobalSection
	GlobalSection(SolutionProperties) = preSolution
		HideSolutionNode = FALSE
	EndGlobalSection
	GlobalSection(ExtensibilityGlobals) = postSolution
		SolutionGuid = {DE984B4D-39A4-4D18-B7B6-FC28C6FF3CD4}
	EndGlobalSection
EndGlobal
